// !$*UTF8*$!
{
	archiveVersion = 1;
	classes = {
	};
	objectVersion = 46;
	objects = {

/* Begin PBXBuildFile section */
		A68B33D71CFBCBAA0084E99C /* AppDelegate.swift in Sources */ = {isa = PBXBuildFile; fileRef = A68B33D61CFBCBAA0084E99C /* AppDelegate.swift */; };
		A68B33D91CFBCBAB0084E99C /* ViewController.swift in Sources */ = {isa = PBXBuildFile; fileRef = A68B33D81CFBCBAB0084E99C /* ViewController.swift */; };
		A68B33DC1CFBCBAB0084E99C /* Main.storyboard in Resources */ = {isa = PBXBuildFile; fileRef = A68B33DA1CFBCBAB0084E99C /* Main.storyboard */; };
		A68B33DE1CFBCBAB0084E99C /* Assets.xcassets in Resources */ = {isa = PBXBuildFile; fileRef = A68B33DD1CFBCBAB0084E99C /* Assets.xcassets */; };
		A68B33E11CFBCBAB0084E99C /* LaunchScreen.storyboard in Resources */ = {isa = PBXBuildFile; fileRef = A68B33DF1CFBCBAB0084E99C /* LaunchScreen.storyboard */; };
		A68B33EC1CFBCBAB0084E99C /* SiliconValleyCompaniesTests.swift in Sources */ = {isa = PBXBuildFile; fileRef = A68B33EB1CFBCBAB0084E99C /* SiliconValleyCompaniesTests.swift */; };
		A68B33F71CFBCBAB0084E99C /* SiliconValleyCompaniesUITests.swift in Sources */ = {isa = PBXBuildFile; fileRef = A68B33F61CFBCBAB0084E99C /* SiliconValleyCompaniesUITests.swift */; };
		A68B34061CFBCBF10084E99C /* TechCompaniesHelper.swift in Sources */ = {isa = PBXBuildFile; fileRef = A68B34051CFBCBF10084E99C /* TechCompaniesHelper.swift */; };
		A68B340D1CFBD0B50084E99C /* CompaniesListViewController.swift in Sources */ = {isa = PBXBuildFile; fileRef = A68B340C1CFBD0B50084E99C /* CompaniesListViewController.swift */; };
/* End PBXBuildFile section */

/* Begin PBXContainerItemProxy section */
		A68B33E81CFBCBAB0084E99C /* PBXContainerItemProxy */ = {
			isa = PBXContainerItemProxy;
			containerPortal = A68B33CB1CFBCBAA0084E99C /* Project object */;
			proxyType = 1;
			remoteGlobalIDString = A68B33D21CFBCBAA0084E99C;
			remoteInfo = SiliconValleyCompanies;
		};
		A68B33F31CFBCBAB0084E99C /* PBXContainerItemProxy */ = {
			isa = PBXContainerItemProxy;
			containerPortal = A68B33CB1CFBCBAA0084E99C /* Project object */;
			proxyType = 1;
			remoteGlobalIDString = A68B33D21CFBCBAA0084E99C;
			remoteInfo = SiliconValleyCompanies;
		};
/* End PBXContainerItemProxy section */

/* Begin PBXFileReference section */
		A68B33D31CFBCBAA0084E99C /* SiliconValleyCompanies.app */ = {isa = PBXFileReference; explicitFileType = wrapper.application; includeInIndex = 0; path = SiliconValleyCompanies.app; sourceTree = BUILT_PRODUCTS_DIR; };
		A68B33D61CFBCBAA0084E99C /* AppDelegate.swift */ = {isa = PBXFileReference; lastKnownFileType = sourcecode.swift; path = AppDelegate.swift; sourceTree = "<group>"; };
		A68B33D81CFBCBAB0084E99C /* ViewController.swift */ = {isa = PBXFileReference; lastKnownFileType = sourcecode.swift; path = ViewController.swift; sourceTree = "<group>"; };
		A68B33DB1CFBCBAB0084E99C /* Base */ = {isa = PBXFileReference; lastKnownFileType = file.storyboard; name = Base; path = Base.lproj/Main.storyboard; sourceTree = "<group>"; };
		A68B33DD1CFBCBAB0084E99C /* Assets.xcassets */ = {isa = PBXFileReference; lastKnownFileType = folder.assetcatalog; path = Assets.xcassets; sourceTree = "<group>"; };
		A68B33E01CFBCBAB0084E99C /* Base */ = {isa = PBXFileReference; lastKnownFileType = file.storyboard; name = Base; path = Base.lproj/LaunchScreen.storyboard; sourceTree = "<group>"; };
		A68B33E21CFBCBAB0084E99C /* Info.plist */ = {isa = PBXFileReference; lastKnownFileType = text.plist.xml; path = Info.plist; sourceTree = "<group>"; };
		A68B33E71CFBCBAB0084E99C /* SiliconValleyCompaniesTests.xctest */ = {isa = PBXFileReference; explicitFileType = wrapper.cfbundle; includeInIndex = 0; path = SiliconValleyCompaniesTests.xctest; sourceTree = BUILT_PRODUCTS_DIR; };
		A68B33EB1CFBCBAB0084E99C /* SiliconValleyCompaniesTests.swift */ = {isa = PBXFileReference; lastKnownFileType = sourcecode.swift; path = SiliconValleyCompaniesTests.swift; sourceTree = "<group>"; };
		A68B33ED1CFBCBAB0084E99C /* Info.plist */ = {isa = PBXFileReference; lastKnownFileType = text.plist.xml; path = Info.plist; sourceTree = "<group>"; };
		A68B33F21CFBCBAB0084E99C /* SiliconValleyCompaniesUITests.xctest */ = {isa = PBXFileReference; explicitFileType = wrapper.cfbundle; includeInIndex = 0; path = SiliconValleyCompaniesUITests.xctest; sourceTree = BUILT_PRODUCTS_DIR; };
		A68B33F61CFBCBAB0084E99C /* SiliconValleyCompaniesUITests.swift */ = {isa = PBXFileReference; lastKnownFileType = sourcecode.swift; path = SiliconValleyCompaniesUITests.swift; sourceTree = "<group>"; };
		A68B33F81CFBCBAB0084E99C /* Info.plist */ = {isa = PBXFileReference; lastKnownFileType = text.plist.xml; path = Info.plist; sourceTree = "<group>"; };
		A68B34051CFBCBF10084E99C /* TechCompaniesHelper.swift */ = {isa = PBXFileReference; fileEncoding = 4; lastKnownFileType = sourcecode.swift; path = TechCompaniesHelper.swift; sourceTree = "<group>"; };
		A68B340C1CFBD0B50084E99C /* CompaniesListViewController.swift */ = {isa = PBXFileReference; fileEncoding = 4; lastKnownFileType = sourcecode.swift; path = CompaniesListViewController.swift; sourceTree = "<group>"; };
/* End PBXFileReference section */

/* Begin PBXFrameworksBuildPhase section */
		A68B33D01CFBCBAA0084E99C /* Frameworks */ = {
			isa = PBXFrameworksBuildPhase;
			buildActionMask = 2147483647;
			files = (
			);
			runOnlyForDeploymentPostprocessing = 0;
		};
		A68B33E41CFBCBAB0084E99C /* Frameworks */ = {
			isa = PBXFrameworksBuildPhase;
			buildActionMask = 2147483647;
			files = (
			);
			runOnlyForDeploymentPostprocessing = 0;
		};
		A68B33EF1CFBCBAB0084E99C /* Frameworks */ = {
			isa = PBXFrameworksBuildPhase;
			buildActionMask = 2147483647;
			files = (
			);
			runOnlyForDeploymentPostprocessing = 0;
		};
/* End PBXFrameworksBuildPhase section */

/* Begin PBXGroup section */
		A68B33CA1CFBCBAA0084E99C = {
			isa = PBXGroup;
			children = (
				A68B33D51CFBCBAA0084E99C /* SiliconValleyCompanies */,
				A68B33EA1CFBCBAB0084E99C /* SiliconValleyCompaniesTests */,
				A68B33F51CFBCBAB0084E99C /* SiliconValleyCompaniesUITests */,
				A68B33D41CFBCBAA0084E99C /* Products */,
			);
			sourceTree = "<group>";
		};
		A68B33D41CFBCBAA0084E99C /* Products */ = {
			isa = PBXGroup;
			children = (
				A68B33D31CFBCBAA0084E99C /* SiliconValleyCompanies.app */,
				A68B33E71CFBCBAB0084E99C /* SiliconValleyCompaniesTests.xctest */,
				A68B33F21CFBCBAB0084E99C /* SiliconValleyCompaniesUITests.xctest */,
			);
			name = Products;
			sourceTree = "<group>";
		};
		A68B33D51CFBCBAA0084E99C /* SiliconValleyCompanies */ = {
			isa = PBXGroup;
			children = (
				A68B34071CFBCC910084E99C /* ViewControllers */,
				A68B34041CFBCBC60084E99C /* Models */,
				A68B33D61CFBCBAA0084E99C /* AppDelegate.swift */,
				A68B33D81CFBCBAB0084E99C /* ViewController.swift */,
				A68B33DA1CFBCBAB0084E99C /* Main.storyboard */,
				A68B33DD1CFBCBAB0084E99C /* Assets.xcassets */,
				A68B33DF1CFBCBAB0084E99C /* LaunchScreen.storyboard */,
				A68B33E21CFBCBAB0084E99C /* Info.plist */,
			);
			path = SiliconValleyCompanies;
			sourceTree = "<group>";
		};
		A68B33EA1CFBCBAB0084E99C /* SiliconValleyCompaniesTests */ = {
			isa = PBXGroup;
			children = (
				A68B33EB1CFBCBAB0084E99C /* SiliconValleyCompaniesTests.swift */,
				A68B33ED1CFBCBAB0084E99C /* Info.plist */,
			);
			path = SiliconValleyCompaniesTests;
			sourceTree = "<group>";
		};
		A68B33F51CFBCBAB0084E99C /* SiliconValleyCompaniesUITests */ = {
			isa = PBXGroup;
			children = (
				A68B33F61CFBCBAB0084E99C /* SiliconValleyCompaniesUITests.swift */,
				A68B33F81CFBCBAB0084E99C /* Info.plist */,
			);
			path = SiliconValleyCompaniesUITests;
			sourceTree = "<group>";
		};
		A68B34041CFBCBC60084E99C /* Models */ = {
			isa = PBXGroup;
			children = (
				A68B34051CFBCBF10084E99C /* TechCompaniesHelper.swift */,
			);
			name = Models;
			sourceTree = "<group>";
		};
		A68B34071CFBCC910084E99C /* ViewControllers */ = {
			isa = PBXGroup;
			children = (
				A68B340C1CFBD0B50084E99C /* CompaniesListViewController.swift */,
			);
			name = ViewControllers;
			sourceTree = "<group>";
		};
/* End PBXGroup section */

/* Begin PBXNativeTarget section */
		A68B33D21CFBCBAA0084E99C /* SiliconValleyCompanies */ = {
			isa = PBXNativeTarget;
			buildConfigurationList = A68B33FB1CFBCBAB0084E99C /* Build configuration list for PBXNativeTarget "SiliconValleyCompanies" */;
			buildPhases = (
				A68B33CF1CFBCBAA0084E99C /* Sources */,
				A68B33D01CFBCBAA0084E99C /* Frameworks */,
				A68B33D11CFBCBAA0084E99C /* Resources */,
			);
			buildRules = (
			);
			dependencies = (
			);
			name = SiliconValleyCompanies;
			productName = SiliconValleyCompanies;
			productReference = A68B33D31CFBCBAA0084E99C /* SiliconValleyCompanies.app */;
			productType = "com.apple.product-type.application";
		};
		A68B33E61CFBCBAB0084E99C /* SiliconValleyCompaniesTests */ = {
			isa = PBXNativeTarget;
			buildConfigurationList = A68B33FE1CFBCBAB0084E99C /* Build configuration list for PBXNativeTarget "SiliconValleyCompaniesTests" */;
			buildPhases = (
				A68B33E31CFBCBAB0084E99C /* Sources */,
				A68B33E41CFBCBAB0084E99C /* Frameworks */,
				A68B33E51CFBCBAB0084E99C /* Resources */,
			);
			buildRules = (
			);
			dependencies = (
				A68B33E91CFBCBAB0084E99C /* PBXTargetDependency */,
			);
			name = SiliconValleyCompaniesTests;
			productName = SiliconValleyCompaniesTests;
			productReference = A68B33E71CFBCBAB0084E99C /* SiliconValleyCompaniesTests.xctest */;
			productType = "com.apple.product-type.bundle.unit-test";
		};
		A68B33F11CFBCBAB0084E99C /* SiliconValleyCompaniesUITests */ = {
			isa = PBXNativeTarget;
			buildConfigurationList = A68B34011CFBCBAB0084E99C /* Build configuration list for PBXNativeTarget "SiliconValleyCompaniesUITests" */;
			buildPhases = (
				A68B33EE1CFBCBAB0084E99C /* Sources */,
				A68B33EF1CFBCBAB0084E99C /* Frameworks */,
				A68B33F01CFBCBAB0084E99C /* Resources */,
			);
			buildRules = (
			);
			dependencies = (
				A68B33F41CFBCBAB0084E99C /* PBXTargetDependency */,
			);
			name = SiliconValleyCompaniesUITests;
			productName = SiliconValleyCompaniesUITests;
			productReference = A68B33F21CFBCBAB0084E99C /* SiliconValleyCompaniesUITests.xctest */;
			productType = "com.apple.product-type.bundle.ui-testing";
		};
/* End PBXNativeTarget section */

/* Begin PBXProject section */
		A68B33CB1CFBCBAA0084E99C /* Project object */ = {
			isa = PBXProject;
			attributes = {
				LastSwiftUpdateCheck = 0730;
				LastUpgradeCheck = 0730;
				ORGANIZATIONNAME = "Holberton School";
				TargetAttributes = {
					A68B33D21CFBCBAA0084E99C = {
						CreatedOnToolsVersion = 7.3.1;
					};
					A68B33E61CFBCBAB0084E99C = {
						CreatedOnToolsVersion = 7.3.1;
						TestTargetID = A68B33D21CFBCBAA0084E99C;
					};
					A68B33F11CFBCBAB0084E99C = {
						CreatedOnToolsVersion = 7.3.1;
						TestTargetID = A68B33D21CFBCBAA0084E99C;
					};
				};
			};
			buildConfigurationList = A68B33CE1CFBCBAA0084E99C /* Build configuration list for PBXProject "SiliconValleyCompanies" */;
			compatibilityVersion = "Xcode 3.2";
			developmentRegion = English;
			hasScannedForEncodings = 0;
			knownRegions = (
				en,
				Base,
			);
			mainGroup = A68B33CA1CFBCBAA0084E99C;
			productRefGroup = A68B33D41CFBCBAA0084E99C /* Products */;
			projectDirPath = "";
			projectRoot = "";
			targets = (
				A68B33D21CFBCBAA0084E99C /* SiliconValleyCompanies */,
				A68B33E61CFBCBAB0084E99C /* SiliconValleyCompaniesTests */,
				A68B33F11CFBCBAB0084E99C /* SiliconValleyCompaniesUITests */,
			);
		};
/* End PBXProject section */

/* Begin PBXResourcesBuildPhase section */
		A68B33D11CFBCBAA0084E99C /* Resources */ = {
			isa = PBXResourcesBuildPhase;
			buildActionMask = 2147483647;
			files = (
				A68B33E11CFBCBAB0084E99C /* LaunchScreen.storyboard in Resources */,
				A68B33DE1CFBCBAB0084E99C /* Assets.xcassets in Resources */,
				A68B33DC1CFBCBAB0084E99C /* Main.storyboard in Resources */,
			);
			runOnlyForDeploymentPostprocessing = 0;
		};
		A68B33E51CFBCBAB0084E99C /* Resources */ = {
			isa = PBXResourcesBuildPhase;
			buildActionMask = 2147483647;
			files = (
			);
			runOnlyForDeploymentPostprocessing = 0;
		};
		A68B33F01CFBCBAB0084E99C /* Resources */ = {
			isa = PBXResourcesBuildPhase;
			buildActionMask = 2147483647;
			files = (
			);
			runOnlyForDeploymentPostprocessing = 0;
		};
/* End PBXResourcesBuildPhase section */

/* Begin PBXSourcesBuildPhase section */
		A68B33CF1CFBCBAA0084E99C /* Sources */ = {
			isa = PBXSourcesBuildPhase;
			buildActionMask = 2147483647;
			files = (
				A68B33D91CFBCBAB0084E99C /* ViewController.swift in Sources */,
				A68B33D71CFBCBAA0084E99C /* AppDelegate.swift in Sources */,
				A68B340D1CFBD0B50084E99C /* CompaniesListViewController.swift in Sources */,
				A68B34061CFBCBF10084E99C /* TechCompaniesHelper.swift in Sources */,
			);
			runOnlyForDeploymentPostprocessing = 0;
		};
		A68B33E31CFBCBAB0084E99C /* Sources */ = {
			isa = PBXSourcesBuildPhase;
			buildActionMask = 2147483647;
			files = (
				A68B33EC1CFBCBAB0084E99C /* SiliconValleyCompaniesTests.swift in Sources */,
			);
			runOnlyForDeploymentPostprocessing = 0;
		};
		A68B33EE1CFBCBAB0084E99C /* Sources */ = {
			isa = PBXSourcesBuildPhase;
			buildActionMask = 2147483647;
			files = (
				A68B33F71CFBCBAB0084E99C /* SiliconValleyCompaniesUITests.swift in Sources */,
			);
			runOnlyForDeploymentPostprocessing = 0;
		};
/* End PBXSourcesBuildPhase section */

/* Begin PBXTargetDependency section */
		A68B33E91CFBCBAB0084E99C /* PBXTargetDependency */ = {
			isa = PBXTargetDependency;
			target = A68B33D21CFBCBAA0084E99C /* SiliconValleyCompanies */;
			targetProxy = A68B33E81CFBCBAB0084E99C /* PBXContainerItemProxy */;
		};
		A68B33F41CFBCBAB0084E99C /* PBXTargetDependency */ = {
			isa = PBXTargetDependency;
			target = A68B33D21CFBCBAA0084E99C /* SiliconValleyCompanies */;
			targetProxy = A68B33F31CFBCBAB0084E99C /* PBXContainerItemProxy */;
		};
/* End PBXTargetDependency section */

/* Begin PBXVariantGroup section */
		A68B33DA1CFBCBAB0084E99C /* Main.storyboard */ = {
			isa = PBXVariantGroup;
			children = (
				A68B33DB1CFBCBAB0084E99C /* Base */,
			);
			name = Main.storyboard;
			sourceTree = "<group>";
		};
		A68B33DF1CFBCBAB0084E99C /* LaunchScreen.storyboard */ = {
			isa = PBXVariantGroup;
			children = (
				A68B33E01CFBCBAB0084E99C /* Base */,
			);
			name = LaunchScreen.storyboard;
			sourceTree = "<group>";
		};
/* End PBXVariantGroup section */

/* Begin XCBuildConfiguration section */
		A68B33F91CFBCBAB0084E99C /* Debug */ = {
			isa = XCBuildConfiguration;
			buildSettings = {
				ALWAYS_SEARCH_USER_PATHS = NO;
				CLANG_ANALYZER_NONNULL = YES;
				CLANG_CXX_LANGUAGE_STANDARD = "gnu++0x";
				CLANG_CXX_LIBRARY = "libc++";
				CLANG_ENABLE_MODULES = YES;
				CLANG_ENABLE_OBJC_ARC = YES;
				CLANG_WARN_BOOL_CONVERSION = YES;
				CLANG_WARN_CONSTANT_CONVERSION = YES;
				CLANG_WARN_DIRECT_OBJC_ISA_USAGE = YES_ERROR;
				CLANG_WARN_EMPTY_BODY = YES;
				CLANG_WARN_ENUM_CONVERSION = YES;
				CLANG_WARN_INT_CONVERSION = YES;
				CLANG_WARN_OBJC_ROOT_CLASS = YES_ERROR;
				CLANG_WARN_UNREACHABLE_CODE = YES;
				CLANG_WARN__DUPLICATE_METHOD_MATCH = YES;
				"CODE_SIGN_IDENTITY[sdk=iphoneos*]" = "iPhone Developer";
				COPY_PHASE_STRIP = NO;
				DEBUG_INFORMATION_FORMAT = dwarf;
				ENABLE_STRICT_OBJC_MSGSEND = YES;
				ENABLE_TESTABILITY = YES;
				GCC_C_LANGUAGE_STANDARD = gnu99;
				GCC_DYNAMIC_NO_PIC = NO;
				GCC_NO_COMMON_BLOCKS = YES;
				GCC_OPTIMIZATION_LEVEL = 0;
				GCC_PREPROCESSOR_DEFINITIONS = (
					"DEBUG=1",
					"$(inherited)",
				);
				GCC_WARN_64_TO_32_BIT_CONVERSION = YES;
				GCC_WARN_ABOUT_RETURN_TYPE = YES_ERROR;
				GCC_WARN_UNDECLARED_SELECTOR = YES;
				GCC_WARN_UNINITIALIZED_AUTOS = YES_AGGRESSIVE;
				GCC_WARN_UNUSED_FUNCTION = YES;
				GCC_WARN_UNUSED_VARIABLE = YES;
				IPHONEOS_DEPLOYMENT_TARGET = 9.3;
				MTL_ENABLE_DEBUG_INFO = YES;
				ONLY_ACTIVE_ARCH = YES;
				SDKROOT = iphoneos;
				SWIFT_OPTIMIZATION_LEVEL = "-Onone";
			};
			name = Debug;
		};
		A68B33FA1CFBCBAB0084E99C /* Release */ = {
			isa = XCBuildConfiguration;
			buildSettings = {
				ALWAYS_SEARCH_USER_PATHS = NO;
				CLANG_ANALYZER_NONNULL = YES;
				CLANG_CXX_LANGUAGE_STANDARD = "gnu++0x";
				CLANG_CXX_LIBRARY = "libc++";
				CLANG_ENABLE_MODULES = YES;
				CLANG_ENABLE_OBJC_ARC = YES;
				CLANG_WARN_BOOL_CONVERSION = YES;
				CLANG_WARN_CONSTANT_CONVERSION = YES;
				CLANG_WARN_DIRECT_OBJC_ISA_USAGE = YES_ERROR;
				CLANG_WARN_EMPTY_BODY = YES;
				CLANG_WARN_ENUM_CONVERSION = YES;
				CLANG_WARN_INT_CONVERSION = YES;
				CLANG_WARN_OBJC_ROOT_CLASS = YES_ERROR;
				CLANG_WARN_UNREACHABLE_CODE = YES;
				CLANG_WARN__DUPLICATE_METHOD_MATCH = YES;
				"CODE_SIGN_IDENTITY[sdk=iphoneos*]" = "iPhone Developer";
				COPY_PHASE_STRIP = NO;
				DEBUG_INFORMATION_FORMAT = "dwarf-with-dsym";
				ENABLE_NS_ASSERTIONS = NO;
				ENABLE_STRICT_OBJC_MSGSEND = YES;
				GCC_C_LANGUAGE_STANDARD = gnu99;
				GCC_NO_COMMON_BLOCKS = YES;
				GCC_WARN_64_TO_32_BIT_CONVERSION = YES;
				GCC_WARN_ABOUT_RETURN_TYPE = YES_ERROR;
				GCC_WARN_UNDECLARED_SELECTOR = YES;
				GCC_WARN_UNINITIALIZED_AUTOS = YES_AGGRESSIVE;
				GCC_WARN_UNUSED_FUNCTION = YES;
				GCC_WARN_UNUSED_VARIABLE = YES;
				IPHONEOS_DEPLOYMENT_TARGET = 9.3;
				MTL_ENABLE_DEBUG_INFO = NO;
				SDKROOT = iphoneos;
				VALIDATE_PRODUCT = YES;
			};
			name = Release;
		};
		A68B33FC1CFBCBAB0084E99C /* Debug */ = {
			isa = XCBuildConfiguration;
			buildSettings = {
				ASSETCATALOG_COMPILER_APPICON_NAME = AppIcon;
				INFOPLIST_FILE = SiliconValleyCompanies/Info.plist;
				LD_RUNPATH_SEARCH_PATHS = "$(inherited) @executable_path/Frameworks";
				PRODUCT_BUNDLE_IDENTIFIER = alexandro.SiliconValleyCompanies;
				PRODUCT_NAME = "$(TARGET_NAME)";
			};
			name = Debug;
		};
		A68B33FD1CFBCBAB0084E99C /* Release */ = {
			isa = XCBuildConfiguration;
			buildSettings = {
				ASSETCATALOG_COMPILER_APPICON_NAME = AppIcon;
				INFOPLIST_FILE = SiliconValleyCompanies/Info.plist;
				LD_RUNPATH_SEARCH_PATHS = "$(inherited) @executable_path/Frameworks";
				PRODUCT_BUNDLE_IDENTIFIER = alexandro.SiliconValleyCompanies;
				PRODUCT_NAME = "$(TARGET_NAME)";
			};
			name = Release;
		};
		A68B33FF1CFBCBAB0084E99C /* Debug */ = {
			isa = XCBuildConfiguration;
			buildSettings = {
				BUNDLE_LOADER = "$(TEST_HOST)";
				INFOPLIST_FILE = SiliconValleyCompaniesTests/Info.plist;
				LD_RUNPATH_SEARCH_PATHS = "$(inherited) @executable_path/Frameworks @loader_path/Frameworks";
				PRODUCT_BUNDLE_IDENTIFIER = alexandro.SiliconValleyCompaniesTests;
				PRODUCT_NAME = "$(TARGET_NAME)";
				TEST_HOST = "$(BUILT_PRODUCTS_DIR)/SiliconValleyCompanies.app/SiliconValleyCompanies";
			};
			name = Debug;
		};
		A68B34001CFBCBAB0084E99C /* Release */ = {
			isa = XCBuildConfiguration;
			buildSettings = {
				BUNDLE_LOADER = "$(TEST_HOST)";
				INFOPLIST_FILE = SiliconValleyCompaniesTests/Info.plist;
				LD_RUNPATH_SEARCH_PATHS = "$(inherited) @executable_path/Frameworks @loader_path/Frameworks";
				PRODUCT_BUNDLE_IDENTIFIER = alexandro.SiliconValleyCompaniesTests;
				PRODUCT_NAME = "$(TARGET_NAME)";
				TEST_HOST = "$(BUILT_PRODUCTS_DIR)/SiliconValleyCompanies.app/SiliconValleyCompanies";
			};
			name = Release;
		};
		A68B34021CFBCBAB0084E99C /* Debug */ = {
			isa = XCBuildConfiguration;
			buildSettings = {
				INFOPLIST_FILE = SiliconValleyCompaniesUITests/Info.plist;
				LD_RUNPATH_SEARCH_PATHS = "$(inherited) @executable_path/Frameworks @loader_path/Frameworks";
				PRODUCT_BUNDLE_IDENTIFIER = alexandro.SiliconValleyCompaniesUITests;
				PRODUCT_NAME = "$(TARGET_NAME)";
				TEST_TARGET_NAME = SiliconValleyCompanies;
			};
			name = Debug;
		};
		A68B34031CFBCBAB0084E99C /* Release */ = {
			isa = XCBuildConfiguration;
			buildSettings = {
				INFOPLIST_FILE = SiliconValleyCompaniesUITests/Info.plist;
				LD_RUNPATH_SEARCH_PATHS = "$(inherited) @executable_path/Frameworks @loader_path/Frameworks";
				PRODUCT_BUNDLE_IDENTIFIER = alexandro.SiliconValleyCompaniesUITests;
				PRODUCT_NAME = "$(TARGET_NAME)";
				TEST_TARGET_NAME = SiliconValleyCompanies;
			};
			name = Release;
		};
/* End XCBuildConfiguration section */

/* Begin XCConfigurationList section */
		A68B33CE1CFBCBAA0084E99C /* Build configuration list for PBXProject "SiliconValleyCompanies" */ = {
			isa = XCConfigurationList;
			buildConfigurations = (
				A68B33F91CFBCBAB0084E99C /* Debug */,
				A68B33FA1CFBCBAB0084E99C /* Release */,
			);
			defaultConfigurationIsVisible = 0;
			defaultConfigurationName = Release;
		};
		A68B33FB1CFBCBAB0084E99C /* Build configuration list for PBXNativeTarget "SiliconValleyCompanies" */ = {
			isa = XCConfigurationList;
			buildConfigurations = (
				A68B33FC1CFBCBAB0084E99C /* Debug */,
				A68B33FD1CFBCBAB0084E99C /* Release */,
			);
			defaultConfigurationIsVisible = 0;
		};
		A68B33FE1CFBCBAB0084E99C /* Build configuration list for PBXNativeTarget "SiliconValleyCompaniesTests" */ = {
			isa = XCConfigurationList;
			buildConfigurations = (
				A68B33FF1CFBCBAB0084E99C /* Debug */,
				A68B34001CFBCBAB0084E99C /* Release */,
			);
			defaultConfigurationIsVisible = 0;
		};
		A68B34011CFBCBAB0084E99C /* Build configuration list for PBXNativeTarget "SiliconValleyCompaniesUITests" */ = {
			isa = XCConfigurationList;
			buildConfigurations = (
				A68B34021CFBCBAB0084E99C /* Debug */,
				A68B34031CFBCBAB0084E99C /* Release */,
			);
			defaultConfigurationIsVisible = 0;
		};
/* End XCConfigurationList section */
	};
	rootObject = A68B33CB1CFBCBAA0084E99C /* Project object */;
}
