// !$*UTF8*$!
{
	archiveVersion = 1;
	classes = {
	};
	objectVersion = 46;
	objects = {

/* Begin PBXBuildFile section */
		A659DC641CF8FBC600B5DE65 /* AppDelegate.swift in Sources */ = {isa = PBXBuildFile; fileRef = A659DC631CF8FBC600B5DE65 /* AppDelegate.swift */; };
		A659DC661CF8FBC600B5DE65 /* ViewController.swift in Sources */ = {isa = PBXBuildFile; fileRef = A659DC651CF8FBC600B5DE65 /* ViewController.swift */; };
		A659DC691CF8FBC600B5DE65 /* Main.storyboard in Resources */ = {isa = PBXBuildFile; fileRef = A659DC671CF8FBC600B5DE65 /* Main.storyboard */; };
		A659DC6B1CF8FBC600B5DE65 /* Assets.xcassets in Resources */ = {isa = PBXBuildFile; fileRef = A659DC6A1CF8FBC600B5DE65 /* Assets.xcassets */; };
		A659DC6E1CF8FBC600B5DE65 /* LaunchScreen.storyboard in Resources */ = {isa = PBXBuildFile; fileRef = A659DC6C1CF8FBC600B5DE65 /* LaunchScreen.storyboard */; };
		A659DC791CF8FBC600B5DE65 /* TechCompaniesTests.swift in Sources */ = {isa = PBXBuildFile; fileRef = A659DC781CF8FBC600B5DE65 /* TechCompaniesTests.swift */; };
		A659DC841CF8FBC600B5DE65 /* TechCompaniesUITests.swift in Sources */ = {isa = PBXBuildFile; fileRef = A659DC831CF8FBC600B5DE65 /* TechCompaniesUITests.swift */; };
/* End PBXBuildFile section */

/* Begin PBXContainerItemProxy section */
		A659DC751CF8FBC600B5DE65 /* PBXContainerItemProxy */ = {
			isa = PBXContainerItemProxy;
			containerPortal = A659DC581CF8FBC600B5DE65 /* Project object */;
			proxyType = 1;
			remoteGlobalIDString = A659DC5F1CF8FBC600B5DE65;
			remoteInfo = TechCompanies;
		};
		A659DC801CF8FBC600B5DE65 /* PBXContainerItemProxy */ = {
			isa = PBXContainerItemProxy;
			containerPortal = A659DC581CF8FBC600B5DE65 /* Project object */;
			proxyType = 1;
			remoteGlobalIDString = A659DC5F1CF8FBC600B5DE65;
			remoteInfo = TechCompanies;
		};
/* End PBXContainerItemProxy section */

/* Begin PBXFileReference section */
		A659DC601CF8FBC600B5DE65 /* TechCompanies.app */ = {isa = PBXFileReference; explicitFileType = wrapper.application; includeInIndex = 0; path = TechCompanies.app; sourceTree = BUILT_PRODUCTS_DIR; };
		A659DC631CF8FBC600B5DE65 /* AppDelegate.swift */ = {isa = PBXFileReference; lastKnownFileType = sourcecode.swift; path = AppDelegate.swift; sourceTree = "<group>"; };
		A659DC651CF8FBC600B5DE65 /* ViewController.swift */ = {isa = PBXFileReference; lastKnownFileType = sourcecode.swift; path = ViewController.swift; sourceTree = "<group>"; };
		A659DC681CF8FBC600B5DE65 /* Base */ = {isa = PBXFileReference; lastKnownFileType = file.storyboard; name = Base; path = Base.lproj/Main.storyboard; sourceTree = "<group>"; };
		A659DC6A1CF8FBC600B5DE65 /* Assets.xcassets */ = {isa = PBXFileReference; lastKnownFileType = folder.assetcatalog; path = Assets.xcassets; sourceTree = "<group>"; };
		A659DC6D1CF8FBC600B5DE65 /* Base */ = {isa = PBXFileReference; lastKnownFileType = file.storyboard; name = Base; path = Base.lproj/LaunchScreen.storyboard; sourceTree = "<group>"; };
		A659DC6F1CF8FBC600B5DE65 /* Info.plist */ = {isa = PBXFileReference; lastKnownFileType = text.plist.xml; path = Info.plist; sourceTree = "<group>"; };
		A659DC741CF8FBC600B5DE65 /* TechCompaniesTests.xctest */ = {isa = PBXFileReference; explicitFileType = wrapper.cfbundle; includeInIndex = 0; path = TechCompaniesTests.xctest; sourceTree = BUILT_PRODUCTS_DIR; };
		A659DC781CF8FBC600B5DE65 /* TechCompaniesTests.swift */ = {isa = PBXFileReference; lastKnownFileType = sourcecode.swift; path = TechCompaniesTests.swift; sourceTree = "<group>"; };
		A659DC7A1CF8FBC600B5DE65 /* Info.plist */ = {isa = PBXFileReference; lastKnownFileType = text.plist.xml; path = Info.plist; sourceTree = "<group>"; };
		A659DC7F1CF8FBC600B5DE65 /* TechCompaniesUITests.xctest */ = {isa = PBXFileReference; explicitFileType = wrapper.cfbundle; includeInIndex = 0; path = TechCompaniesUITests.xctest; sourceTree = BUILT_PRODUCTS_DIR; };
		A659DC831CF8FBC600B5DE65 /* TechCompaniesUITests.swift */ = {isa = PBXFileReference; lastKnownFileType = sourcecode.swift; path = TechCompaniesUITests.swift; sourceTree = "<group>"; };
		A659DC851CF8FBC600B5DE65 /* Info.plist */ = {isa = PBXFileReference; lastKnownFileType = text.plist.xml; path = Info.plist; sourceTree = "<group>"; };
/* End PBXFileReference section */

/* Begin PBXFrameworksBuildPhase section */
		A659DC5D1CF8FBC600B5DE65 /* Frameworks */ = {
			isa = PBXFrameworksBuildPhase;
			buildActionMask = 2147483647;
			files = (
			);
			runOnlyForDeploymentPostprocessing = 0;
		};
		A659DC711CF8FBC600B5DE65 /* Frameworks */ = {
			isa = PBXFrameworksBuildPhase;
			buildActionMask = 2147483647;
			files = (
			);
			runOnlyForDeploymentPostprocessing = 0;
		};
		A659DC7C1CF8FBC600B5DE65 /* Frameworks */ = {
			isa = PBXFrameworksBuildPhase;
			buildActionMask = 2147483647;
			files = (
			);
			runOnlyForDeploymentPostprocessing = 0;
		};
/* End PBXFrameworksBuildPhase section */

/* Begin PBXGroup section */
		A659DC571CF8FBC600B5DE65 = {
			isa = PBXGroup;
			children = (
				A659DC621CF8FBC600B5DE65 /* TechCompanies */,
				A659DC771CF8FBC600B5DE65 /* TechCompaniesTests */,
				A659DC821CF8FBC600B5DE65 /* TechCompaniesUITests */,
				A659DC611CF8FBC600B5DE65 /* Products */,
			);
			sourceTree = "<group>";
		};
		A659DC611CF8FBC600B5DE65 /* Products */ = {
			isa = PBXGroup;
			children = (
				A659DC601CF8FBC600B5DE65 /* TechCompanies.app */,
				A659DC741CF8FBC600B5DE65 /* TechCompaniesTests.xctest */,
				A659DC7F1CF8FBC600B5DE65 /* TechCompaniesUITests.xctest */,
			);
			name = Products;
			sourceTree = "<group>";
		};
		A659DC621CF8FBC600B5DE65 /* TechCompanies */ = {
			isa = PBXGroup;
			children = (
				A659DC631CF8FBC600B5DE65 /* AppDelegate.swift */,
				A659DC651CF8FBC600B5DE65 /* ViewController.swift */,
				A659DC671CF8FBC600B5DE65 /* Main.storyboard */,
				A659DC6A1CF8FBC600B5DE65 /* Assets.xcassets */,
				A659DC6C1CF8FBC600B5DE65 /* LaunchScreen.storyboard */,
				A659DC6F1CF8FBC600B5DE65 /* Info.plist */,
			);
			path = TechCompanies;
			sourceTree = "<group>";
		};
		A659DC771CF8FBC600B5DE65 /* TechCompaniesTests */ = {
			isa = PBXGroup;
			children = (
				A659DC781CF8FBC600B5DE65 /* TechCompaniesTests.swift */,
				A659DC7A1CF8FBC600B5DE65 /* Info.plist */,
			);
			path = TechCompaniesTests;
			sourceTree = "<group>";
		};
		A659DC821CF8FBC600B5DE65 /* TechCompaniesUITests */ = {
			isa = PBXGroup;
			children = (
				A659DC831CF8FBC600B5DE65 /* TechCompaniesUITests.swift */,
				A659DC851CF8FBC600B5DE65 /* Info.plist */,
			);
			path = TechCompaniesUITests;
			sourceTree = "<group>";
		};
/* End PBXGroup section */

/* Begin PBXNativeTarget section */
		A659DC5F1CF8FBC600B5DE65 /* TechCompanies */ = {
			isa = PBXNativeTarget;
			buildConfigurationList = A659DC881CF8FBC600B5DE65 /* Build configuration list for PBXNativeTarget "TechCompanies" */;
			buildPhases = (
				A659DC5C1CF8FBC600B5DE65 /* Sources */,
				A659DC5D1CF8FBC600B5DE65 /* Frameworks */,
				A659DC5E1CF8FBC600B5DE65 /* Resources */,
			);
			buildRules = (
			);
			dependencies = (
			);
			name = TechCompanies;
			productName = TechCompanies;
			productReference = A659DC601CF8FBC600B5DE65 /* TechCompanies.app */;
			productType = "com.apple.product-type.application";
		};
		A659DC731CF8FBC600B5DE65 /* TechCompaniesTests */ = {
			isa = PBXNativeTarget;
			buildConfigurationList = A659DC8B1CF8FBC600B5DE65 /* Build configuration list for PBXNativeTarget "TechCompaniesTests" */;
			buildPhases = (
				A659DC701CF8FBC600B5DE65 /* Sources */,
				A659DC711CF8FBC600B5DE65 /* Frameworks */,
				A659DC721CF8FBC600B5DE65 /* Resources */,
			);
			buildRules = (
			);
			dependencies = (
				A659DC761CF8FBC600B5DE65 /* PBXTargetDependency */,
			);
			name = TechCompaniesTests;
			productName = TechCompaniesTests;
			productReference = A659DC741CF8FBC600B5DE65 /* TechCompaniesTests.xctest */;
			productType = "com.apple.product-type.bundle.unit-test";
		};
		A659DC7E1CF8FBC600B5DE65 /* TechCompaniesUITests */ = {
			isa = PBXNativeTarget;
			buildConfigurationList = A659DC8E1CF8FBC600B5DE65 /* Build configuration list for PBXNativeTarget "TechCompaniesUITests" */;
			buildPhases = (
				A659DC7B1CF8FBC600B5DE65 /* Sources */,
				A659DC7C1CF8FBC600B5DE65 /* Frameworks */,
				A659DC7D1CF8FBC600B5DE65 /* Resources */,
			);
			buildRules = (
			);
			dependencies = (
				A659DC811CF8FBC600B5DE65 /* PBXTargetDependency */,
			);
			name = TechCompaniesUITests;
			productName = TechCompaniesUITests;
			productReference = A659DC7F1CF8FBC600B5DE65 /* TechCompaniesUITests.xctest */;
			productType = "com.apple.product-type.bundle.ui-testing";
		};
/* End PBXNativeTarget section */

/* Begin PBXProject section */
		A659DC581CF8FBC600B5DE65 /* Project object */ = {
			isa = PBXProject;
			attributes = {
				LastSwiftUpdateCheck = 0730;
				LastUpgradeCheck = 0730;
				ORGANIZATIONNAME = Alexandro;
				TargetAttributes = {
					A659DC5F1CF8FBC600B5DE65 = {
						CreatedOnToolsVersion = 7.3.1;
					};
					A659DC731CF8FBC600B5DE65 = {
						CreatedOnToolsVersion = 7.3.1;
						TestTargetID = A659DC5F1CF8FBC600B5DE65;
					};
					A659DC7E1CF8FBC600B5DE65 = {
						CreatedOnToolsVersion = 7.3.1;
						TestTargetID = A659DC5F1CF8FBC600B5DE65;
					};
				};
			};
			buildConfigurationList = A659DC5B1CF8FBC600B5DE65 /* Build configuration list for PBXProject "TechCompanies" */;
			compatibilityVersion = "Xcode 3.2";
			developmentRegion = English;
			hasScannedForEncodings = 0;
			knownRegions = (
				en,
				Base,
			);
			mainGroup = A659DC571CF8FBC600B5DE65;
			productRefGroup = A659DC611CF8FBC600B5DE65 /* Products */;
			projectDirPath = "";
			projectRoot = "";
			targets = (
				A659DC5F1CF8FBC600B5DE65 /* TechCompanies */,
				A659DC731CF8FBC600B5DE65 /* TechCompaniesTests */,
				A659DC7E1CF8FBC600B5DE65 /* TechCompaniesUITests */,
			);
		};
/* End PBXProject section */

/* Begin PBXResourcesBuildPhase section */
		A659DC5E1CF8FBC600B5DE65 /* Resources */ = {
			isa = PBXResourcesBuildPhase;
			buildActionMask = 2147483647;
			files = (
				A659DC6E1CF8FBC600B5DE65 /* LaunchScreen.storyboard in Resources */,
				A659DC6B1CF8FBC600B5DE65 /* Assets.xcassets in Resources */,
				A659DC691CF8FBC600B5DE65 /* Main.storyboard in Resources */,
			);
			runOnlyForDeploymentPostprocessing = 0;
		};
		A659DC721CF8FBC600B5DE65 /* Resources */ = {
			isa = PBXResourcesBuildPhase;
			buildActionMask = 2147483647;
			files = (
			);
			runOnlyForDeploymentPostprocessing = 0;
		};
		A659DC7D1CF8FBC600B5DE65 /* Resources */ = {
			isa = PBXResourcesBuildPhase;
			buildActionMask = 2147483647;
			files = (
			);
			runOnlyForDeploymentPostprocessing = 0;
		};
/* End PBXResourcesBuildPhase section */

/* Begin PBXSourcesBuildPhase section */
		A659DC5C1CF8FBC600B5DE65 /* Sources */ = {
			isa = PBXSourcesBuildPhase;
			buildActionMask = 2147483647;
			files = (
				A659DC661CF8FBC600B5DE65 /* ViewController.swift in Sources */,
				A659DC641CF8FBC600B5DE65 /* AppDelegate.swift in Sources */,
			);
			runOnlyForDeploymentPostprocessing = 0;
		};
		A659DC701CF8FBC600B5DE65 /* Sources */ = {
			isa = PBXSourcesBuildPhase;
			buildActionMask = 2147483647;
			files = (
				A659DC791CF8FBC600B5DE65 /* TechCompaniesTests.swift in Sources */,
			);
			runOnlyForDeploymentPostprocessing = 0;
		};
		A659DC7B1CF8FBC600B5DE65 /* Sources */ = {
			isa = PBXSourcesBuildPhase;
			buildActionMask = 2147483647;
			files = (
				A659DC841CF8FBC600B5DE65 /* TechCompaniesUITests.swift in Sources */,
			);
			runOnlyForDeploymentPostprocessing = 0;
		};
/* End PBXSourcesBuildPhase section */

/* Begin PBXTargetDependency section */
		A659DC761CF8FBC600B5DE65 /* PBXTargetDependency */ = {
			isa = PBXTargetDependency;
			target = A659DC5F1CF8FBC600B5DE65 /* TechCompanies */;
			targetProxy = A659DC751CF8FBC600B5DE65 /* PBXContainerItemProxy */;
		};
		A659DC811CF8FBC600B5DE65 /* PBXTargetDependency */ = {
			isa = PBXTargetDependency;
			target = A659DC5F1CF8FBC600B5DE65 /* TechCompanies */;
			targetProxy = A659DC801CF8FBC600B5DE65 /* PBXContainerItemProxy */;
		};
/* End PBXTargetDependency section */

/* Begin PBXVariantGroup section */
		A659DC671CF8FBC600B5DE65 /* Main.storyboard */ = {
			isa = PBXVariantGroup;
			children = (
				A659DC681CF8FBC600B5DE65 /* Base */,
			);
			name = Main.storyboard;
			sourceTree = "<group>";
		};
		A659DC6C1CF8FBC600B5DE65 /* LaunchScreen.storyboard */ = {
			isa = PBXVariantGroup;
			children = (
				A659DC6D1CF8FBC600B5DE65 /* Base */,
			);
			name = LaunchScreen.storyboard;
			sourceTree = "<group>";
		};
/* End PBXVariantGroup section */

/* Begin XCBuildConfiguration section */
		A659DC861CF8FBC600B5DE65 /* Debug */ = {
			isa = XCBuildConfiguration;
			buildSettings = {
				ALWAYS_SEARCH_USER_PATHS = NO;
				CLANG_ANALYZER_NONNULL = YES;
				CLANG_CXX_LANGUAGE_STANDARD = "gnu++0x";
				CLANG_CXX_LIBRARY = "libc++";
				CLANG_ENABLE_MODULES = YES;
				CLANG_ENABLE_OBJC_ARC = YES;
				CLANG_WARN_BOOL_CONVERSION = YES;
				CLANG_WARN_CONSTANT_CONVERSION = YES;
				CLANG_WARN_DIRECT_OBJC_ISA_USAGE = YES_ERROR;
				CLANG_WARN_EMPTY_BODY = YES;
				CLANG_WARN_ENUM_CONVERSION = YES;
				CLANG_WARN_INT_CONVERSION = YES;
				CLANG_WARN_OBJC_ROOT_CLASS = YES_ERROR;
				CLANG_WARN_UNREACHABLE_CODE = YES;
				CLANG_WARN__DUPLICATE_METHOD_MATCH = YES;
				"CODE_SIGN_IDENTITY[sdk=iphoneos*]" = "iPhone Developer";
				COPY_PHASE_STRIP = NO;
				DEBUG_INFORMATION_FORMAT = dwarf;
				ENABLE_STRICT_OBJC_MSGSEND = YES;
				ENABLE_TESTABILITY = YES;
				GCC_C_LANGUAGE_STANDARD = gnu99;
				GCC_DYNAMIC_NO_PIC = NO;
				GCC_NO_COMMON_BLOCKS = YES;
				GCC_OPTIMIZATION_LEVEL = 0;
				GCC_PREPROCESSOR_DEFINITIONS = (
					"DEBUG=1",
					"$(inherited)",
				);
				GCC_WARN_64_TO_32_BIT_CONVERSION = YES;
				GCC_WARN_ABOUT_RETURN_TYPE = YES_ERROR;
				GCC_WARN_UNDECLARED_SELECTOR = YES;
				GCC_WARN_UNINITIALIZED_AUTOS = YES_AGGRESSIVE;
				GCC_WARN_UNUSED_FUNCTION = YES;
				GCC_WARN_UNUSED_VARIABLE = YES;
				IPHONEOS_DEPLOYMENT_TARGET = 9.3;
				MTL_ENABLE_DEBUG_INFO = YES;
				ONLY_ACTIVE_ARCH = YES;
				SDKROOT = iphoneos;
				SWIFT_OPTIMIZATION_LEVEL = "-Onone";
			};
			name = Debug;
		};
		A659DC871CF8FBC600B5DE65 /* Release */ = {
			isa = XCBuildConfiguration;
			buildSettings = {
				ALWAYS_SEARCH_USER_PATHS = NO;
				CLANG_ANALYZER_NONNULL = YES;
				CLANG_CXX_LANGUAGE_STANDARD = "gnu++0x";
				CLANG_CXX_LIBRARY = "libc++";
				CLANG_ENABLE_MODULES = YES;
				CLANG_ENABLE_OBJC_ARC = YES;
				CLANG_WARN_BOOL_CONVERSION = YES;
				CLANG_WARN_CONSTANT_CONVERSION = YES;
				CLANG_WARN_DIRECT_OBJC_ISA_USAGE = YES_ERROR;
				CLANG_WARN_EMPTY_BODY = YES;
				CLANG_WARN_ENUM_CONVERSION = YES;
				CLANG_WARN_INT_CONVERSION = YES;
				CLANG_WARN_OBJC_ROOT_CLASS = YES_ERROR;
				CLANG_WARN_UNREACHABLE_CODE = YES;
				CLANG_WARN__DUPLICATE_METHOD_MATCH = YES;
				"CODE_SIGN_IDENTITY[sdk=iphoneos*]" = "iPhone Developer";
				COPY_PHASE_STRIP = NO;
				DEBUG_INFORMATION_FORMAT = "dwarf-with-dsym";
				ENABLE_NS_ASSERTIONS = NO;
				ENABLE_STRICT_OBJC_MSGSEND = YES;
				GCC_C_LANGUAGE_STANDARD = gnu99;
				GCC_NO_COMMON_BLOCKS = YES;
				GCC_WARN_64_TO_32_BIT_CONVERSION = YES;
				GCC_WARN_ABOUT_RETURN_TYPE = YES_ERROR;
				GCC_WARN_UNDECLARED_SELECTOR = YES;
				GCC_WARN_UNINITIALIZED_AUTOS = YES_AGGRESSIVE;
				GCC_WARN_UNUSED_FUNCTION = YES;
				GCC_WARN_UNUSED_VARIABLE = YES;
				IPHONEOS_DEPLOYMENT_TARGET = 9.3;
				MTL_ENABLE_DEBUG_INFO = NO;
				SDKROOT = iphoneos;
				VALIDATE_PRODUCT = YES;
			};
			name = Release;
		};
		A659DC891CF8FBC600B5DE65 /* Debug */ = {
			isa = XCBuildConfiguration;
			buildSettings = {
				ASSETCATALOG_COMPILER_APPICON_NAME = AppIcon;
				INFOPLIST_FILE = TechCompanies/Info.plist;
				LD_RUNPATH_SEARCH_PATHS = "$(inherited) @executable_path/Frameworks";
				PRODUCT_BUNDLE_IDENTIFIER = a.TechCompanies;
				PRODUCT_NAME = "$(TARGET_NAME)";
			};
			name = Debug;
		};
		A659DC8A1CF8FBC600B5DE65 /* Release */ = {
			isa = XCBuildConfiguration;
			buildSettings = {
				ASSETCATALOG_COMPILER_APPICON_NAME = AppIcon;
				INFOPLIST_FILE = TechCompanies/Info.plist;
				LD_RUNPATH_SEARCH_PATHS = "$(inherited) @executable_path/Frameworks";
				PRODUCT_BUNDLE_IDENTIFIER = a.TechCompanies;
				PRODUCT_NAME = "$(TARGET_NAME)";
			};
			name = Release;
		};
		A659DC8C1CF8FBC600B5DE65 /* Debug */ = {
			isa = XCBuildConfiguration;
			buildSettings = {
				BUNDLE_LOADER = "$(TEST_HOST)";
				INFOPLIST_FILE = TechCompaniesTests/Info.plist;
				LD_RUNPATH_SEARCH_PATHS = "$(inherited) @executable_path/Frameworks @loader_path/Frameworks";
				PRODUCT_BUNDLE_IDENTIFIER = a.TechCompaniesTests;
				PRODUCT_NAME = "$(TARGET_NAME)";
				TEST_HOST = "$(BUILT_PRODUCTS_DIR)/TechCompanies.app/TechCompanies";
			};
			name = Debug;
		};
		A659DC8D1CF8FBC600B5DE65 /* Release */ = {
			isa = XCBuildConfiguration;
			buildSettings = {
				BUNDLE_LOADER = "$(TEST_HOST)";
				INFOPLIST_FILE = TechCompaniesTests/Info.plist;
				LD_RUNPATH_SEARCH_PATHS = "$(inherited) @executable_path/Frameworks @loader_path/Frameworks";
				PRODUCT_BUNDLE_IDENTIFIER = a.TechCompaniesTests;
				PRODUCT_NAME = "$(TARGET_NAME)";
				TEST_HOST = "$(BUILT_PRODUCTS_DIR)/TechCompanies.app/TechCompanies";
			};
			name = Release;
		};
		A659DC8F1CF8FBC600B5DE65 /* Debug */ = {
			isa = XCBuildConfiguration;
			buildSettings = {
				INFOPLIST_FILE = TechCompaniesUITests/Info.plist;
				LD_RUNPATH_SEARCH_PATHS = "$(inherited) @executable_path/Frameworks @loader_path/Frameworks";
				PRODUCT_BUNDLE_IDENTIFIER = a.TechCompaniesUITests;
				PRODUCT_NAME = "$(TARGET_NAME)";
				TEST_TARGET_NAME = TechCompanies;
			};
			name = Debug;
		};
		A659DC901CF8FBC600B5DE65 /* Release */ = {
			isa = XCBuildConfiguration;
			buildSettings = {
				INFOPLIST_FILE = TechCompaniesUITests/Info.plist;
				LD_RUNPATH_SEARCH_PATHS = "$(inherited) @executable_path/Frameworks @loader_path/Frameworks";
				PRODUCT_BUNDLE_IDENTIFIER = a.TechCompaniesUITests;
				PRODUCT_NAME = "$(TARGET_NAME)";
				TEST_TARGET_NAME = TechCompanies;
			};
			name = Release;
		};
/* End XCBuildConfiguration section */

/* Begin XCConfigurationList section */
		A659DC5B1CF8FBC600B5DE65 /* Build configuration list for PBXProject "TechCompanies" */ = {
			isa = XCConfigurationList;
			buildConfigurations = (
				A659DC861CF8FBC600B5DE65 /* Debug */,
				A659DC871CF8FBC600B5DE65 /* Release */,
			);
			defaultConfigurationIsVisible = 0;
			defaultConfigurationName = Release;
		};
		A659DC881CF8FBC600B5DE65 /* Build configuration list for PBXNativeTarget "TechCompanies" */ = {
			isa = XCConfigurationList;
			buildConfigurations = (
				A659DC891CF8FBC600B5DE65 /* Debug */,
				A659DC8A1CF8FBC600B5DE65 /* Release */,
			);
			defaultConfigurationIsVisible = 0;
		};
		A659DC8B1CF8FBC600B5DE65 /* Build configuration list for PBXNativeTarget "TechCompaniesTests" */ = {
			isa = XCConfigurationList;
			buildConfigurations = (
				A659DC8C1CF8FBC600B5DE65 /* Debug */,
				A659DC8D1CF8FBC600B5DE65 /* Release */,
			);
			defaultConfigurationIsVisible = 0;
		};
		A659DC8E1CF8FBC600B5DE65 /* Build configuration list for PBXNativeTarget "TechCompaniesUITests" */ = {
			isa = XCConfigurationList;
			buildConfigurations = (
				A659DC8F1CF8FBC600B5DE65 /* Debug */,
				A659DC901CF8FBC600B5DE65 /* Release */,
			);
			defaultConfigurationIsVisible = 0;
		};
/* End XCConfigurationList section */
	};
	rootObject = A659DC581CF8FBC600B5DE65 /* Project object */;
}
