// !$*UTF8*$!
{
	archiveVersion = 1;
	classes = {
	};
	objectVersion = 46;
	objects = {

/* Begin PBXBuildFile section */
		A68B33931CFBA2680084E99C /* AppDelegate.swift in Sources */ = {isa = PBXBuildFile; fileRef = A68B33921CFBA2680084E99C /* AppDelegate.swift */; };
		A68B33981CFBA2680084E99C /* Main.storyboard in Resources */ = {isa = PBXBuildFile; fileRef = A68B33961CFBA2680084E99C /* Main.storyboard */; };
		A68B339A1CFBA2680084E99C /* Assets.xcassets in Resources */ = {isa = PBXBuildFile; fileRef = A68B33991CFBA2680084E99C /* Assets.xcassets */; };
		A68B339D1CFBA2680084E99C /* LaunchScreen.storyboard in Resources */ = {isa = PBXBuildFile; fileRef = A68B339B1CFBA2680084E99C /* LaunchScreen.storyboard */; };
		A68B33A81CFBA2680084E99C /* SiliconValleyCompaniesTests.swift in Sources */ = {isa = PBXBuildFile; fileRef = A68B33A71CFBA2680084E99C /* SiliconValleyCompaniesTests.swift */; };
		A68B33B31CFBA2680084E99C /* SiliconValleyCompaniesUITests.swift in Sources */ = {isa = PBXBuildFile; fileRef = A68B33B21CFBA2680084E99C /* SiliconValleyCompaniesUITests.swift */; };
		A68B33C21CFBA3B30084E99C /* TechCompaniesHelper.swift in Sources */ = {isa = PBXBuildFile; fileRef = A68B33C11CFBA3B30084E99C /* TechCompaniesHelper.swift */; };
		A68B33C91CFBAE8B0084E99C /* CompaniesListViewController.swift in Sources */ = {isa = PBXBuildFile; fileRef = A68B33C81CFBAE8B0084E99C /* CompaniesListViewController.swift */; };
/* End PBXBuildFile section */

/* Begin PBXContainerItemProxy section */
		A68B33A41CFBA2680084E99C /* PBXContainerItemProxy */ = {
			isa = PBXContainerItemProxy;
			containerPortal = A68B33871CFBA2670084E99C /* Project object */;
			proxyType = 1;
			remoteGlobalIDString = A68B338E1CFBA2670084E99C;
			remoteInfo = SiliconValleyCompanies;
		};
		A68B33AF1CFBA2680084E99C /* PBXContainerItemProxy */ = {
			isa = PBXContainerItemProxy;
			containerPortal = A68B33871CFBA2670084E99C /* Project object */;
			proxyType = 1;
			remoteGlobalIDString = A68B338E1CFBA2670084E99C;
			remoteInfo = SiliconValleyCompanies;
		};
/* End PBXContainerItemProxy section */

/* Begin PBXFileReference section */
		A68B338F1CFBA2680084E99C /* SiliconValleyCompanies.app */ = {isa = PBXFileReference; explicitFileType = wrapper.application; includeInIndex = 0; path = SiliconValleyCompanies.app; sourceTree = BUILT_PRODUCTS_DIR; };
		A68B33921CFBA2680084E99C /* AppDelegate.swift */ = {isa = PBXFileReference; lastKnownFileType = sourcecode.swift; path = AppDelegate.swift; sourceTree = "<group>"; };
		A68B33971CFBA2680084E99C /* Base */ = {isa = PBXFileReference; lastKnownFileType = file.storyboard; name = Base; path = Base.lproj/Main.storyboard; sourceTree = "<group>"; };
		A68B33991CFBA2680084E99C /* Assets.xcassets */ = {isa = PBXFileReference; lastKnownFileType = folder.assetcatalog; path = Assets.xcassets; sourceTree = "<group>"; };
		A68B339C1CFBA2680084E99C /* Base */ = {isa = PBXFileReference; lastKnownFileType = file.storyboard; name = Base; path = Base.lproj/LaunchScreen.storyboard; sourceTree = "<group>"; };
		A68B339E1CFBA2680084E99C /* Info.plist */ = {isa = PBXFileReference; lastKnownFileType = text.plist.xml; path = Info.plist; sourceTree = "<group>"; };
		A68B33A31CFBA2680084E99C /* SiliconValleyCompaniesTests.xctest */ = {isa = PBXFileReference; explicitFileType = wrapper.cfbundle; includeInIndex = 0; path = SiliconValleyCompaniesTests.xctest; sourceTree = BUILT_PRODUCTS_DIR; };
		A68B33A71CFBA2680084E99C /* SiliconValleyCompaniesTests.swift */ = {isa = PBXFileReference; lastKnownFileType = sourcecode.swift; path = SiliconValleyCompaniesTests.swift; sourceTree = "<group>"; };
		A68B33A91CFBA2680084E99C /* Info.plist */ = {isa = PBXFileReference; lastKnownFileType = text.plist.xml; path = Info.plist; sourceTree = "<group>"; };
		A68B33AE1CFBA2680084E99C /* SiliconValleyCompaniesUITests.xctest */ = {isa = PBXFileReference; explicitFileType = wrapper.cfbundle; includeInIndex = 0; path = SiliconValleyCompaniesUITests.xctest; sourceTree = BUILT_PRODUCTS_DIR; };
		A68B33B21CFBA2680084E99C /* SiliconValleyCompaniesUITests.swift */ = {isa = PBXFileReference; lastKnownFileType = sourcecode.swift; path = SiliconValleyCompaniesUITests.swift; sourceTree = "<group>"; };
		A68B33B41CFBA2680084E99C /* Info.plist */ = {isa = PBXFileReference; lastKnownFileType = text.plist.xml; path = Info.plist; sourceTree = "<group>"; };
		A68B33C11CFBA3B30084E99C /* TechCompaniesHelper.swift */ = {isa = PBXFileReference; fileEncoding = 4; lastKnownFileType = sourcecode.swift; path = TechCompaniesHelper.swift; sourceTree = "<group>"; };
		A68B33C81CFBAE8B0084E99C /* CompaniesListViewController.swift */ = {isa = PBXFileReference; fileEncoding = 4; lastKnownFileType = sourcecode.swift; path = CompaniesListViewController.swift; sourceTree = "<group>"; };
/* End PBXFileReference section */

/* Begin PBXFrameworksBuildPhase section */
		A68B338C1CFBA2670084E99C /* Frameworks */ = {
			isa = PBXFrameworksBuildPhase;
			buildActionMask = 2147483647;
			files = (
			);
			runOnlyForDeploymentPostprocessing = 0;
		};
		A68B33A01CFBA2680084E99C /* Frameworks */ = {
			isa = PBXFrameworksBuildPhase;
			buildActionMask = 2147483647;
			files = (
			);
			runOnlyForDeploymentPostprocessing = 0;
		};
		A68B33AB1CFBA2680084E99C /* Frameworks */ = {
			isa = PBXFrameworksBuildPhase;
			buildActionMask = 2147483647;
			files = (
			);
			runOnlyForDeploymentPostprocessing = 0;
		};
/* End PBXFrameworksBuildPhase section */

/* Begin PBXGroup section */
		A68B33861CFBA2670084E99C = {
			isa = PBXGroup;
			children = (
				A68B33911CFBA2680084E99C /* SiliconValleyCompanies */,
				A68B33A61CFBA2680084E99C /* SiliconValleyCompaniesTests */,
				A68B33B11CFBA2680084E99C /* SiliconValleyCompaniesUITests */,
				A68B33901CFBA2680084E99C /* Products */,
			);
			sourceTree = "<group>";
		};
		A68B33901CFBA2680084E99C /* Products */ = {
			isa = PBXGroup;
			children = (
				A68B338F1CFBA2680084E99C /* SiliconValleyCompanies.app */,
				A68B33A31CFBA2680084E99C /* SiliconValleyCompaniesTests.xctest */,
				A68B33AE1CFBA2680084E99C /* SiliconValleyCompaniesUITests.xctest */,
			);
			name = Products;
			sourceTree = "<group>";
		};
		A68B33911CFBA2680084E99C /* SiliconValleyCompanies */ = {
			isa = PBXGroup;
			children = (
				A68B33C31CFBAAD30084E99C /* ViewControllers */,
				A68B33C01CFBA2E10084E99C /* Models */,
				A68B33921CFBA2680084E99C /* AppDelegate.swift */,
				A68B33961CFBA2680084E99C /* Main.storyboard */,
				A68B33991CFBA2680084E99C /* Assets.xcassets */,
				A68B339B1CFBA2680084E99C /* LaunchScreen.storyboard */,
				A68B339E1CFBA2680084E99C /* Info.plist */,
			);
			path = SiliconValleyCompanies;
			sourceTree = "<group>";
		};
		A68B33A61CFBA2680084E99C /* SiliconValleyCompaniesTests */ = {
			isa = PBXGroup;
			children = (
				A68B33A71CFBA2680084E99C /* SiliconValleyCompaniesTests.swift */,
				A68B33A91CFBA2680084E99C /* Info.plist */,
			);
			path = SiliconValleyCompaniesTests;
			sourceTree = "<group>";
		};
		A68B33B11CFBA2680084E99C /* SiliconValleyCompaniesUITests */ = {
			isa = PBXGroup;
			children = (
				A68B33B21CFBA2680084E99C /* SiliconValleyCompaniesUITests.swift */,
				A68B33B41CFBA2680084E99C /* Info.plist */,
			);
			path = SiliconValleyCompaniesUITests;
			sourceTree = "<group>";
		};
		A68B33C01CFBA2E10084E99C /* Models */ = {
			isa = PBXGroup;
			children = (
				A68B33C11CFBA3B30084E99C /* TechCompaniesHelper.swift */,
			);
			name = Models;
			sourceTree = "<group>";
		};
		A68B33C31CFBAAD30084E99C /* ViewControllers */ = {
			isa = PBXGroup;
			children = (
				A68B33C81CFBAE8B0084E99C /* CompaniesListViewController.swift */,
			);
			name = ViewControllers;
			sourceTree = "<group>";
		};
/* End PBXGroup section */

/* Begin PBXNativeTarget section */
		A68B338E1CFBA2670084E99C /* SiliconValleyCompanies */ = {
			isa = PBXNativeTarget;
			buildConfigurationList = A68B33B71CFBA2680084E99C /* Build configuration list for PBXNativeTarget "SiliconValleyCompanies" */;
			buildPhases = (
				A68B338B1CFBA2670084E99C /* Sources */,
				A68B338C1CFBA2670084E99C /* Frameworks */,
				A68B338D1CFBA2670084E99C /* Resources */,
			);
			buildRules = (
			);
			dependencies = (
			);
			name = SiliconValleyCompanies;
			productName = SiliconValleyCompanies;
			productReference = A68B338F1CFBA2680084E99C /* SiliconValleyCompanies.app */;
			productType = "com.apple.product-type.application";
		};
		A68B33A21CFBA2680084E99C /* SiliconValleyCompaniesTests */ = {
			isa = PBXNativeTarget;
			buildConfigurationList = A68B33BA1CFBA2680084E99C /* Build configuration list for PBXNativeTarget "SiliconValleyCompaniesTests" */;
			buildPhases = (
				A68B339F1CFBA2680084E99C /* Sources */,
				A68B33A01CFBA2680084E99C /* Frameworks */,
				A68B33A11CFBA2680084E99C /* Resources */,
			);
			buildRules = (
			);
			dependencies = (
				A68B33A51CFBA2680084E99C /* PBXTargetDependency */,
			);
			name = SiliconValleyCompaniesTests;
			productName = SiliconValleyCompaniesTests;
			productReference = A68B33A31CFBA2680084E99C /* SiliconValleyCompaniesTests.xctest */;
			productType = "com.apple.product-type.bundle.unit-test";
		};
		A68B33AD1CFBA2680084E99C /* SiliconValleyCompaniesUITests */ = {
			isa = PBXNativeTarget;
			buildConfigurationList = A68B33BD1CFBA2680084E99C /* Build configuration list for PBXNativeTarget "SiliconValleyCompaniesUITests" */;
			buildPhases = (
				A68B33AA1CFBA2680084E99C /* Sources */,
				A68B33AB1CFBA2680084E99C /* Frameworks */,
				A68B33AC1CFBA2680084E99C /* Resources */,
			);
			buildRules = (
			);
			dependencies = (
				A68B33B01CFBA2680084E99C /* PBXTargetDependency */,
			);
			name = SiliconValleyCompaniesUITests;
			productName = SiliconValleyCompaniesUITests;
			productReference = A68B33AE1CFBA2680084E99C /* SiliconValleyCompaniesUITests.xctest */;
			productType = "com.apple.product-type.bundle.ui-testing";
		};
/* End PBXNativeTarget section */

/* Begin PBXProject section */
		A68B33871CFBA2670084E99C /* Project object */ = {
			isa = PBXProject;
			attributes = {
				LastSwiftUpdateCheck = 0730;
				LastUpgradeCheck = 0730;
				ORGANIZATIONNAME = "Holberton School";
				TargetAttributes = {
					A68B338E1CFBA2670084E99C = {
						CreatedOnToolsVersion = 7.3.1;
					};
					A68B33A21CFBA2680084E99C = {
						CreatedOnToolsVersion = 7.3.1;
						TestTargetID = A68B338E1CFBA2670084E99C;
					};
					A68B33AD1CFBA2680084E99C = {
						CreatedOnToolsVersion = 7.3.1;
						TestTargetID = A68B338E1CFBA2670084E99C;
					};
				};
			};
			buildConfigurationList = A68B338A1CFBA2670084E99C /* Build configuration list for PBXProject "SiliconValleyCompanies" */;
			compatibilityVersion = "Xcode 3.2";
			developmentRegion = English;
			hasScannedForEncodings = 0;
			knownRegions = (
				en,
				Base,
			);
			mainGroup = A68B33861CFBA2670084E99C;
			productRefGroup = A68B33901CFBA2680084E99C /* Products */;
			projectDirPath = "";
			projectRoot = "";
			targets = (
				A68B338E1CFBA2670084E99C /* SiliconValleyCompanies */,
				A68B33A21CFBA2680084E99C /* SiliconValleyCompaniesTests */,
				A68B33AD1CFBA2680084E99C /* SiliconValleyCompaniesUITests */,
			);
		};
/* End PBXProject section */

/* Begin PBXResourcesBuildPhase section */
		A68B338D1CFBA2670084E99C /* Resources */ = {
			isa = PBXResourcesBuildPhase;
			buildActionMask = 2147483647;
			files = (
				A68B339D1CFBA2680084E99C /* LaunchScreen.storyboard in Resources */,
				A68B339A1CFBA2680084E99C /* Assets.xcassets in Resources */,
				A68B33981CFBA2680084E99C /* Main.storyboard in Resources */,
			);
			runOnlyForDeploymentPostprocessing = 0;
		};
		A68B33A11CFBA2680084E99C /* Resources */ = {
			isa = PBXResourcesBuildPhase;
			buildActionMask = 2147483647;
			files = (
			);
			runOnlyForDeploymentPostprocessing = 0;
		};
		A68B33AC1CFBA2680084E99C /* Resources */ = {
			isa = PBXResourcesBuildPhase;
			buildActionMask = 2147483647;
			files = (
			);
			runOnlyForDeploymentPostprocessing = 0;
		};
/* End PBXResourcesBuildPhase section */

/* Begin PBXSourcesBuildPhase section */
		A68B338B1CFBA2670084E99C /* Sources */ = {
			isa = PBXSourcesBuildPhase;
			buildActionMask = 2147483647;
			files = (
				A68B33931CFBA2680084E99C /* AppDelegate.swift in Sources */,
				A68B33C91CFBAE8B0084E99C /* CompaniesListViewController.swift in Sources */,
				A68B33C21CFBA3B30084E99C /* TechCompaniesHelper.swift in Sources */,
			);
			runOnlyForDeploymentPostprocessing = 0;
		};
		A68B339F1CFBA2680084E99C /* Sources */ = {
			isa = PBXSourcesBuildPhase;
			buildActionMask = 2147483647;
			files = (
				A68B33A81CFBA2680084E99C /* SiliconValleyCompaniesTests.swift in Sources */,
			);
			runOnlyForDeploymentPostprocessing = 0;
		};
		A68B33AA1CFBA2680084E99C /* Sources */ = {
			isa = PBXSourcesBuildPhase;
			buildActionMask = 2147483647;
			files = (
				A68B33B31CFBA2680084E99C /* SiliconValleyCompaniesUITests.swift in Sources */,
			);
			runOnlyForDeploymentPostprocessing = 0;
		};
/* End PBXSourcesBuildPhase section */

/* Begin PBXTargetDependency section */
		A68B33A51CFBA2680084E99C /* PBXTargetDependency */ = {
			isa = PBXTargetDependency;
			target = A68B338E1CFBA2670084E99C /* SiliconValleyCompanies */;
			targetProxy = A68B33A41CFBA2680084E99C /* PBXContainerItemProxy */;
		};
		A68B33B01CFBA2680084E99C /* PBXTargetDependency */ = {
			isa = PBXTargetDependency;
			target = A68B338E1CFBA2670084E99C /* SiliconValleyCompanies */;
			targetProxy = A68B33AF1CFBA2680084E99C /* PBXContainerItemProxy */;
		};
/* End PBXTargetDependency section */

/* Begin PBXVariantGroup section */
		A68B33961CFBA2680084E99C /* Main.storyboard */ = {
			isa = PBXVariantGroup;
			children = (
				A68B33971CFBA2680084E99C /* Base */,
			);
			name = Main.storyboard;
			sourceTree = "<group>";
		};
		A68B339B1CFBA2680084E99C /* LaunchScreen.storyboard */ = {
			isa = PBXVariantGroup;
			children = (
				A68B339C1CFBA2680084E99C /* Base */,
			);
			name = LaunchScreen.storyboard;
			sourceTree = "<group>";
		};
/* End PBXVariantGroup section */

/* Begin XCBuildConfiguration section */
		A68B33B51CFBA2680084E99C /* Debug */ = {
			isa = XCBuildConfiguration;
			buildSettings = {
				ALWAYS_SEARCH_USER_PATHS = NO;
				CLANG_ANALYZER_NONNULL = YES;
				CLANG_CXX_LANGUAGE_STANDARD = "gnu++0x";
				CLANG_CXX_LIBRARY = "libc++";
				CLANG_ENABLE_MODULES = YES;
				CLANG_ENABLE_OBJC_ARC = YES;
				CLANG_WARN_BOOL_CONVERSION = YES;
				CLANG_WARN_CONSTANT_CONVERSION = YES;
				CLANG_WARN_DIRECT_OBJC_ISA_USAGE = YES_ERROR;
				CLANG_WARN_EMPTY_BODY = YES;
				CLANG_WARN_ENUM_CONVERSION = YES;
				CLANG_WARN_INT_CONVERSION = YES;
				CLANG_WARN_OBJC_ROOT_CLASS = YES_ERROR;
				CLANG_WARN_UNREACHABLE_CODE = YES;
				CLANG_WARN__DUPLICATE_METHOD_MATCH = YES;
				"CODE_SIGN_IDENTITY[sdk=iphoneos*]" = "iPhone Developer";
				COPY_PHASE_STRIP = NO;
				DEBUG_INFORMATION_FORMAT = dwarf;
				ENABLE_STRICT_OBJC_MSGSEND = YES;
				ENABLE_TESTABILITY = YES;
				GCC_C_LANGUAGE_STANDARD = gnu99;
				GCC_DYNAMIC_NO_PIC = NO;
				GCC_NO_COMMON_BLOCKS = YES;
				GCC_OPTIMIZATION_LEVEL = 0;
				GCC_PREPROCESSOR_DEFINITIONS = (
					"DEBUG=1",
					"$(inherited)",
				);
				GCC_WARN_64_TO_32_BIT_CONVERSION = YES;
				GCC_WARN_ABOUT_RETURN_TYPE = YES_ERROR;
				GCC_WARN_UNDECLARED_SELECTOR = YES;
				GCC_WARN_UNINITIALIZED_AUTOS = YES_AGGRESSIVE;
				GCC_WARN_UNUSED_FUNCTION = YES;
				GCC_WARN_UNUSED_VARIABLE = YES;
				IPHONEOS_DEPLOYMENT_TARGET = 9.3;
				MTL_ENABLE_DEBUG_INFO = YES;
				ONLY_ACTIVE_ARCH = YES;
				SDKROOT = iphoneos;
				SWIFT_OPTIMIZATION_LEVEL = "-Onone";
			};
			name = Debug;
		};
		A68B33B61CFBA2680084E99C /* Release */ = {
			isa = XCBuildConfiguration;
			buildSettings = {
				ALWAYS_SEARCH_USER_PATHS = NO;
				CLANG_ANALYZER_NONNULL = YES;
				CLANG_CXX_LANGUAGE_STANDARD = "gnu++0x";
				CLANG_CXX_LIBRARY = "libc++";
				CLANG_ENABLE_MODULES = YES;
				CLANG_ENABLE_OBJC_ARC = YES;
				CLANG_WARN_BOOL_CONVERSION = YES;
				CLANG_WARN_CONSTANT_CONVERSION = YES;
				CLANG_WARN_DIRECT_OBJC_ISA_USAGE = YES_ERROR;
				CLANG_WARN_EMPTY_BODY = YES;
				CLANG_WARN_ENUM_CONVERSION = YES;
				CLANG_WARN_INT_CONVERSION = YES;
				CLANG_WARN_OBJC_ROOT_CLASS = YES_ERROR;
				CLANG_WARN_UNREACHABLE_CODE = YES;
				CLANG_WARN__DUPLICATE_METHOD_MATCH = YES;
				"CODE_SIGN_IDENTITY[sdk=iphoneos*]" = "iPhone Developer";
				COPY_PHASE_STRIP = NO;
				DEBUG_INFORMATION_FORMAT = "dwarf-with-dsym";
				ENABLE_NS_ASSERTIONS = NO;
				ENABLE_STRICT_OBJC_MSGSEND = YES;
				GCC_C_LANGUAGE_STANDARD = gnu99;
				GCC_NO_COMMON_BLOCKS = YES;
				GCC_WARN_64_TO_32_BIT_CONVERSION = YES;
				GCC_WARN_ABOUT_RETURN_TYPE = YES_ERROR;
				GCC_WARN_UNDECLARED_SELECTOR = YES;
				GCC_WARN_UNINITIALIZED_AUTOS = YES_AGGRESSIVE;
				GCC_WARN_UNUSED_FUNCTION = YES;
				GCC_WARN_UNUSED_VARIABLE = YES;
				IPHONEOS_DEPLOYMENT_TARGET = 9.3;
				MTL_ENABLE_DEBUG_INFO = NO;
				SDKROOT = iphoneos;
				VALIDATE_PRODUCT = YES;
			};
			name = Release;
		};
		A68B33B81CFBA2680084E99C /* Debug */ = {
			isa = XCBuildConfiguration;
			buildSettings = {
				ASSETCATALOG_COMPILER_APPICON_NAME = AppIcon;
				CLANG_ENABLE_MODULES = YES;
				INFOPLIST_FILE = SiliconValleyCompanies/Info.plist;
				LD_RUNPATH_SEARCH_PATHS = "$(inherited) @executable_path/Frameworks";
				PRODUCT_BUNDLE_IDENTIFIER = alexandro.SiliconValleyCompanies;
				PRODUCT_NAME = "$(TARGET_NAME)";
				SWIFT_OBJC_BRIDGING_HEADER = "SiliconValleyCompanies/SiliconValleyCompanies-Bridging-Header.h";
				SWIFT_OPTIMIZATION_LEVEL = "-Onone";
			};
			name = Debug;
		};
		A68B33B91CFBA2680084E99C /* Release */ = {
			isa = XCBuildConfiguration;
			buildSettings = {
				ASSETCATALOG_COMPILER_APPICON_NAME = AppIcon;
				CLANG_ENABLE_MODULES = YES;
				INFOPLIST_FILE = SiliconValleyCompanies/Info.plist;
				LD_RUNPATH_SEARCH_PATHS = "$(inherited) @executable_path/Frameworks";
				PRODUCT_BUNDLE_IDENTIFIER = alexandro.SiliconValleyCompanies;
				PRODUCT_NAME = "$(TARGET_NAME)";
				SWIFT_OBJC_BRIDGING_HEADER = "SiliconValleyCompanies/SiliconValleyCompanies-Bridging-Header.h";
			};
			name = Release;
		};
		A68B33BB1CFBA2680084E99C /* Debug */ = {
			isa = XCBuildConfiguration;
			buildSettings = {
				BUNDLE_LOADER = "$(TEST_HOST)";
				INFOPLIST_FILE = SiliconValleyCompaniesTests/Info.plist;
				LD_RUNPATH_SEARCH_PATHS = "$(inherited) @executable_path/Frameworks @loader_path/Frameworks";
				PRODUCT_BUNDLE_IDENTIFIER = alexandro.SiliconValleyCompaniesTests;
				PRODUCT_NAME = "$(TARGET_NAME)";
				TEST_HOST = "$(BUILT_PRODUCTS_DIR)/SiliconValleyCompanies.app/SiliconValleyCompanies";
			};
			name = Debug;
		};
		A68B33BC1CFBA2680084E99C /* Release */ = {
			isa = XCBuildConfiguration;
			buildSettings = {
				BUNDLE_LOADER = "$(TEST_HOST)";
				INFOPLIST_FILE = SiliconValleyCompaniesTests/Info.plist;
				LD_RUNPATH_SEARCH_PATHS = "$(inherited) @executable_path/Frameworks @loader_path/Frameworks";
				PRODUCT_BUNDLE_IDENTIFIER = alexandro.SiliconValleyCompaniesTests;
				PRODUCT_NAME = "$(TARGET_NAME)";
				TEST_HOST = "$(BUILT_PRODUCTS_DIR)/SiliconValleyCompanies.app/SiliconValleyCompanies";
			};
			name = Release;
		};
		A68B33BE1CFBA2680084E99C /* Debug */ = {
			isa = XCBuildConfiguration;
			buildSettings = {
				INFOPLIST_FILE = SiliconValleyCompaniesUITests/Info.plist;
				LD_RUNPATH_SEARCH_PATHS = "$(inherited) @executable_path/Frameworks @loader_path/Frameworks";
				PRODUCT_BUNDLE_IDENTIFIER = alexandro.SiliconValleyCompaniesUITests;
				PRODUCT_NAME = "$(TARGET_NAME)";
				TEST_TARGET_NAME = SiliconValleyCompanies;
			};
			name = Debug;
		};
		A68B33BF1CFBA2680084E99C /* Release */ = {
			isa = XCBuildConfiguration;
			buildSettings = {
				INFOPLIST_FILE = SiliconValleyCompaniesUITests/Info.plist;
				LD_RUNPATH_SEARCH_PATHS = "$(inherited) @executable_path/Frameworks @loader_path/Frameworks";
				PRODUCT_BUNDLE_IDENTIFIER = alexandro.SiliconValleyCompaniesUITests;
				PRODUCT_NAME = "$(TARGET_NAME)";
				TEST_TARGET_NAME = SiliconValleyCompanies;
			};
			name = Release;
		};
/* End XCBuildConfiguration section */

/* Begin XCConfigurationList section */
		A68B338A1CFBA2670084E99C /* Build configuration list for PBXProject "SiliconValleyCompanies" */ = {
			isa = XCConfigurationList;
			buildConfigurations = (
				A68B33B51CFBA2680084E99C /* Debug */,
				A68B33B61CFBA2680084E99C /* Release */,
			);
			defaultConfigurationIsVisible = 0;
			defaultConfigurationName = Release;
		};
		A68B33B71CFBA2680084E99C /* Build configuration list for PBXNativeTarget "SiliconValleyCompanies" */ = {
			isa = XCConfigurationList;
			buildConfigurations = (
				A68B33B81CFBA2680084E99C /* Debug */,
				A68B33B91CFBA2680084E99C /* Release */,
			);
			defaultConfigurationIsVisible = 0;
		};
		A68B33BA1CFBA2680084E99C /* Build configuration list for PBXNativeTarget "SiliconValleyCompaniesTests" */ = {
			isa = XCConfigurationList;
			buildConfigurations = (
				A68B33BB1CFBA2680084E99C /* Debug */,
				A68B33BC1CFBA2680084E99C /* Release */,
			);
			defaultConfigurationIsVisible = 0;
		};
		A68B33BD1CFBA2680084E99C /* Build configuration list for PBXNativeTarget "SiliconValleyCompaniesUITests" */ = {
			isa = XCConfigurationList;
			buildConfigurations = (
				A68B33BE1CFBA2680084E99C /* Debug */,
				A68B33BF1CFBA2680084E99C /* Release */,
			);
			defaultConfigurationIsVisible = 0;
		};
/* End XCConfigurationList section */
	};
	rootObject = A68B33871CFBA2670084E99C /* Project object */;
}
